// !$*UTF8*$!
{
	archiveVersion = 1;
	classes = {
	};
	objectVersion = 46;
	objects = {

/* Begin PBXBuildFile section */
		043684751C0C36D800ECC2E7 /* AppDelegate.swift in Sources */ = {isa = PBXBuildFile; fileRef = 043684741C0C36D800ECC2E7 /* AppDelegate.swift */; };
		043684771C0C36D800ECC2E7 /* ViewController.swift in Sources */ = {isa = PBXBuildFile; fileRef = 043684761C0C36D800ECC2E7 /* ViewController.swift */; };
		0436847A1C0C36D800ECC2E7 /* Main.storyboard in Resources */ = {isa = PBXBuildFile; fileRef = 043684781C0C36D800ECC2E7 /* Main.storyboard */; };
		0436847C1C0C36D800ECC2E7 /* Assets.xcassets in Resources */ = {isa = PBXBuildFile; fileRef = 0436847B1C0C36D800ECC2E7 /* Assets.xcassets */; };
		0436847F1C0C36D800ECC2E7 /* LaunchScreen.storyboard in Resources */ = {isa = PBXBuildFile; fileRef = 0436847D1C0C36D800ECC2E7 /* LaunchScreen.storyboard */; };
/* End PBXBuildFile section */

/* Begin PBXFileReference section */
		043684711C0C36D800ECC2E7 /* ProducerConsumer.app */ = {isa = PBXFileReference; explicitFileType = wrapper.application; includeInIndex = 0; path = ProducerConsumer.app; sourceTree = BUILT_PRODUCTS_DIR; };
		043684741C0C36D800ECC2E7 /* AppDelegate.swift */ = {isa = PBXFileReference; lastKnownFileType = sourcecode.swift; path = AppDelegate.swift; sourceTree = "<group>"; };
		043684761C0C36D800ECC2E7 /* ViewController.swift */ = {isa = PBXFileReference; lastKnownFileType = sourcecode.swift; path = ViewController.swift; sourceTree = "<group>"; };
		043684791C0C36D800ECC2E7 /* Base */ = {isa = PBXFileReference; lastKnownFileType = file.storyboard; name = Base; path = Base.lproj/Main.storyboard; sourceTree = "<group>"; };
		0436847B1C0C36D800ECC2E7 /* Assets.xcassets */ = {isa = PBXFileReference; lastKnownFileType = folder.assetcatalog; path = Assets.xcassets; sourceTree = "<group>"; };
		0436847E1C0C36D800ECC2E7 /* Base */ = {isa = PBXFileReference; lastKnownFileType = file.storyboard; name = Base; path = Base.lproj/LaunchScreen.storyboard; sourceTree = "<group>"; };
		043684801C0C36D800ECC2E7 /* Info.plist */ = {isa = PBXFileReference; lastKnownFileType = text.plist.xml; path = Info.plist; sourceTree = "<group>"; };
/* End PBXFileReference section */

/* Begin PBXFrameworksBuildPhase section */
		0436846E1C0C36D800ECC2E7 /* Frameworks */ = {
			isa = PBXFrameworksBuildPhase;
			buildActionMask = 2147483647;
			files = (
			);
			runOnlyForDeploymentPostprocessing = 0;
		};
/* End PBXFrameworksBuildPhase section */

/* Begin PBXGroup section */
		043684681C0C36D800ECC2E7 = {
			isa = PBXGroup;
			children = (
				043684731C0C36D800ECC2E7 /* ProducerConsumer */,
				043684721C0C36D800ECC2E7 /* Products */,
			);
			sourceTree = "<group>";
		};
		043684721C0C36D800ECC2E7 /* Products */ = {
			isa = PBXGroup;
			children = (
				043684711C0C36D800ECC2E7 /* ProducerConsumer.app */,
			);
			name = Products;
			sourceTree = "<group>";
		};
		043684731C0C36D800ECC2E7 /* ProducerConsumer */ = {
			isa = PBXGroup;
			children = (
				043684741C0C36D800ECC2E7 /* AppDelegate.swift */,
				043684761C0C36D800ECC2E7 /* ViewController.swift */,
				043684781C0C36D800ECC2E7 /* Main.storyboard */,
				0436847B1C0C36D800ECC2E7 /* Assets.xcassets */,
				0436847D1C0C36D800ECC2E7 /* LaunchScreen.storyboard */,
				043684801C0C36D800ECC2E7 /* Info.plist */,
			);
			path = ProducerConsumer;
			sourceTree = "<group>";
		};
/* End PBXGroup section */

/* Begin PBXNativeTarget section */
		043684701C0C36D800ECC2E7 /* ProducerConsumer */ = {
			isa = PBXNativeTarget;
			buildConfigurationList = 043684831C0C36D800ECC2E7 /* Build configuration list for PBXNativeTarget "ProducerConsumer" */;
			buildPhases = (
				0436846D1C0C36D800ECC2E7 /* Sources */,
				0436846E1C0C36D800ECC2E7 /* Frameworks */,
				0436846F1C0C36D800ECC2E7 /* Resources */,
			);
			buildRules = (
			);
			dependencies = (
			);
			name = ProducerConsumer;
			productName = ProducerConsumer;
			productReference = 043684711C0C36D800ECC2E7 /* ProducerConsumer.app */;
			productType = "com.apple.product-type.application";
		};
/* End PBXNativeTarget section */

/* Begin PBXProject section */
		043684691C0C36D800ECC2E7 /* Project object */ = {
			isa = PBXProject;
			attributes = {
				LastSwiftUpdateCheck = 0710;
				LastUpgradeCheck = 0830;
				ORGANIZATIONNAME = wj;
				TargetAttributes = {
					043684701C0C36D800ECC2E7 = {
						CreatedOnToolsVersion = 7.1;
						LastSwiftMigration = 0830;
					};
				};
			};
			buildConfigurationList = 0436846C1C0C36D800ECC2E7 /* Build configuration list for PBXProject "ProducerConsumer" */;
			compatibilityVersion = "Xcode 3.2";
			developmentRegion = English;
			hasScannedForEncodings = 0;
			knownRegions = (
				en,
				Base,
			);
			mainGroup = 043684681C0C36D800ECC2E7;
			productRefGroup = 043684721C0C36D800ECC2E7 /* Products */;
			projectDirPath = "";
			projectRoot = "";
			targets = (
				043684701C0C36D800ECC2E7 /* ProducerConsumer */,
			);
		};
/* End PBXProject section */

/* Begin PBXResourcesBuildPhase section */
		0436846F1C0C36D800ECC2E7 /* Resources */ = {
			isa = PBXResourcesBuildPhase;
			buildActionMask = 2147483647;
			files = (
				0436847F1C0C36D800ECC2E7 /* LaunchScreen.storyboard in Resources */,
				0436847C1C0C36D800ECC2E7 /* Assets.xcassets in Resources */,
				0436847A1C0C36D800ECC2E7 /* Main.storyboard in Resources */,
			);
			runOnlyForDeploymentPostprocessing = 0;
		};
/* End PBXResourcesBuildPhase section */

/* Begin PBXSourcesBuildPhase section */
		0436846D1C0C36D800ECC2E7 /* Sources */ = {
			isa = PBXSourcesBuildPhase;
			buildActionMask = 2147483647;
			files = (
				043684771C0C36D800ECC2E7 /* ViewController.swift in Sources */,
				043684751C0C36D800ECC2E7 /* AppDelegate.swift in Sources */,
			);
			runOnlyForDeploymentPostprocessing = 0;
		};
/* End PBXSourcesBuildPhase section */

/* Begin PBXVariantGroup section */
		043684781C0C36D800ECC2E7 /* Main.storyboard */ = {
			isa = PBXVariantGroup;
			children = (
				043684791C0C36D800ECC2E7 /* Base */,
			);
			name = Main.storyboard;
			sourceTree = "<group>";
		};
		0436847D1C0C36D800ECC2E7 /* LaunchScreen.storyboard */ = {
			isa = PBXVariantGroup;
			children = (
				0436847E1C0C36D800ECC2E7 /* Base */,
			);
			name = LaunchScreen.storyboard;
			sourceTree = "<group>";
		};
/* End PBXVariantGroup section */

/* Begin XCBuildConfiguration section */
		043684811C0C36D800ECC2E7 /* Debug */ = {
			isa = XCBuildConfiguration;
			buildSettings = {
				ALWAYS_SEARCH_USER_PATHS = NO;
				CLANG_CXX_LANGUAGE_STANDARD = "gnu++0x";
				CLANG_CXX_LIBRARY = "libc++";
				CLANG_ENABLE_MODULES = YES;
				CLANG_ENABLE_OBJC_ARC = YES;
				CLANG_WARN_BOOL_CONVERSION = YES;
				CLANG_WARN_CONSTANT_CONVERSION = YES;
				CLANG_WARN_DIRECT_OBJC_ISA_USAGE = YES_ERROR;
				CLANG_WARN_EMPTY_BODY = YES;
				CLANG_WARN_ENUM_CONVERSION = YES;
				CLANG_WARN_INFINITE_RECURSION = YES;
				CLANG_WARN_INT_CONVERSION = YES;
				CLANG_WARN_OBJC_ROOT_CLASS = YES_ERROR;
				CLANG_WARN_SUSPICIOUS_MOVE = YES;
				CLANG_WARN_UNREACHABLE_CODE = YES;
				CLANG_WARN__DUPLICATE_METHOD_MATCH = YES;
				"CODE_SIGN_IDENTITY[sdk=iphoneos*]" = "iPhone Developer";
				COPY_PHASE_STRIP = NO;
				DEBUG_INFORMATION_FORMAT = dwarf;
				ENABLE_STRICT_OBJC_MSGSEND = YES;
				ENABLE_TESTABILITY = YES;
				GCC_C_LANGUAGE_STANDARD = gnu99;
				GCC_DYNAMIC_NO_PIC = NO;
				GCC_NO_COMMON_BLOCKS = YES;
				GCC_OPTIMIZATION_LEVEL = 0;
				GCC_PREPROCESSOR_DEFINITIONS = (
					"DEBUG=1",
					"$(inherited)",
				);
				GCC_WARN_64_TO_32_BIT_CONVERSION = YES;
				GCC_WARN_ABOUT_RETURN_TYPE = YES_ERROR;
				GCC_WARN_UNDECLARED_SELECTOR = YES;
				GCC_WARN_UNINITIALIZED_AUTOS = YES_AGGRESSIVE;
				GCC_WARN_UNUSED_FUNCTION = YES;
				GCC_WARN_UNUSED_VARIABLE = YES;
				IPHONEOS_DEPLOYMENT_TARGET = 9.1;
				MTL_ENABLE_DEBUG_INFO = YES;
				ONLY_ACTIVE_ARCH = YES;
				SDKROOT = iphoneos;
				SWIFT_OPTIMIZATION_LEVEL = "-Onone";
			};
			name = Debug;
		};
		043684821C0C36D800ECC2E7 /* Release */ = {
			isa = XCBuildConfiguration;
			buildSettings = {
				ALWAYS_SEARCH_USER_PATHS = NO;
				CLANG_CXX_LANGUAGE_STANDARD = "gnu++0x";
				CLANG_CXX_LIBRARY = "libc++";
				CLANG_ENABLE_MODULES = YES;
				CLANG_ENABLE_OBJC_ARC = YES;
				CLANG_WARN_BOOL_CONVERSION = YES;
				CLANG_WARN_CONSTANT_CONVERSION = YES;
				CLANG_WARN_DIRECT_OBJC_ISA_USAGE = YES_ERROR;
				CLANG_WARN_EMPTY_BODY = YES;
				CLANG_WARN_ENUM_CONVERSION = YES;
				CLANG_WARN_INFINITE_RECURSION = YES;
				CLANG_WARN_INT_CONVERSION = YES;
				CLANG_WARN_OBJC_ROOT_CLASS = YES_ERROR;
				CLANG_WARN_SUSPICIOUS_MOVE = YES;
				CLANG_WARN_UNREACHABLE_CODE = YES;
				CLANG_WARN__DUPLICATE_METHOD_MATCH = YES;
				"CODE_SIGN_IDENTITY[sdk=iphoneos*]" = "iPhone Developer";
				COPY_PHASE_STRIP = NO;
				DEBUG_INFORMATION_FORMAT = "dwarf-with-dsym";
				ENABLE_NS_ASSERTIONS = NO;
				ENABLE_STRICT_OBJC_MSGSEND = YES;
				GCC_C_LANGUAGE_STANDARD = gnu99;
				GCC_NO_COMMON_BLOCKS = YES;
				GCC_WARN_64_TO_32_BIT_CONVERSION = YES;
				GCC_WARN_ABOUT_RETURN_TYPE = YES_ERROR;
				GCC_WARN_UNDECLARED_SELECTOR = YES;
				GCC_WARN_UNINITIALIZED_AUTOS = YES_AGGRESSIVE;
				GCC_WARN_UNUSED_FUNCTION = YES;
				GCC_WARN_UNUSED_VARIABLE = YES;
				IPHONEOS_DEPLOYMENT_TARGET = 9.1;
				MTL_ENABLE_DEBUG_INFO = NO;
				SDKROOT = iphoneos;
				SWIFT_OPTIMIZATION_LEVEL = "-Owholemodule";
				VALIDATE_PRODUCT = YES;
			};
			name = Release;
		};
		043684841C0C36D800ECC2E7 /* Debug */ = {
			isa = XCBuildConfiguration;
			buildSettings = {
				ASSETCATALOG_COMPILER_APPICON_NAME = AppIcon;
				INFOPLIST_FILE = ProducerConsumer/Info.plist;
				LD_RUNPATH_SEARCH_PATHS = "$(inherited) @executable_path/Frameworks";
				PRODUCT_BUNDLE_IDENTIFIER = wj.ProducerConsumer;
				PRODUCT_NAME = "$(TARGET_NAME)";
				SWIFT_VERSION = 3.0;
			};
			name = Debug;
		};
		043684851C0C36D800ECC2E7 /* Release */ = {
			isa = XCBuildConfiguration;
			buildSettings = {
				ASSETCATALOG_COMPILER_APPICON_NAME = AppIcon;
				INFOPLIST_FILE = ProducerConsumer/Info.plist;
				LD_RUNPATH_SEARCH_PATHS = "$(inherited) @executable_path/Frameworks";
				PRODUCT_BUNDLE_IDENTIFIER = wj.ProducerConsumer;
				PRODUCT_NAME = "$(TARGET_NAME)";
				SWIFT_VERSION = 3.0;
			};
			name = Release;
		};
/* End XCBuildConfiguration section */

/* Begin XCConfigurationList section */
		0436846C1C0C36D800ECC2E7 /* Build configuration list for PBXProject "ProducerConsumer" */ = {
			isa = XCConfigurationList;
			buildConfigurations = (
				043684811C0C36D800ECC2E7 /* Debug */,
				043684821C0C36D800ECC2E7 /* Release */,
			);
			defaultConfigurationIsVisible = 0;
			defaultConfigurationName = Release;
		};
		043684831C0C36D800ECC2E7 /* Build configuration list for PBXNativeTarget "ProducerConsumer" */ = {
			isa = XCConfigurationList;
			buildConfigurations = (
				043684841C0C36D800ECC2E7 /* Debug */,
				043684851C0C36D800ECC2E7 /* Release */,
			);
			defaultConfigurationIsVisible = 0;
			defaultConfigurationName = Release;
		};
/* End XCConfigurationList section */
	};
	rootObject = 043684691C0C36D800ECC2E7 /* Project object */;
}
