// !$*UTF8*$!
{
	archiveVersion = 1;
	classes = {
	};
	objectVersion = 46;
	objects = {

/* Begin PBXBuildFile section */
		07D8AF381BC8201500648D6F /* AppDelegate.swift in Sources */ = {isa = PBXBuildFile; fileRef = 07D8AF371BC8201500648D6F /* AppDelegate.swift */; };
		07D8AF3A1BC8201500648D6F /* ViewController.swift in Sources */ = {isa = PBXBuildFile; fileRef = 07D8AF391BC8201500648D6F /* ViewController.swift */; };
		07D8AF3D1BC8201500648D6F /* Main.storyboard in Resources */ = {isa = PBXBuildFile; fileRef = 07D8AF3B1BC8201500648D6F /* Main.storyboard */; };
		07D8AF3F1BC8201500648D6F /* Assets.xcassets in Resources */ = {isa = PBXBuildFile; fileRef = 07D8AF3E1BC8201500648D6F /* Assets.xcassets */; };
		07D8AF421BC8201500648D6F /* LaunchScreen.storyboard in Resources */ = {isa = PBXBuildFile; fileRef = 07D8AF401BC8201500648D6F /* LaunchScreen.storyboard */; };
		07D8AF4A1BC8218C00648D6F /* CircleLayer.swift in Sources */ = {isa = PBXBuildFile; fileRef = 07D8AF491BC8218C00648D6F /* CircleLayer.swift */; settings = {ASSET_TAGS = (); }; };
		07D8AF4C1BC825C800648D6F /* ActionViewController.swift in Sources */ = {isa = PBXBuildFile; fileRef = 07D8AF4B1BC825C800648D6F /* ActionViewController.swift */; settings = {ASSET_TAGS = (); }; };
/* End PBXBuildFile section */

/* Begin PBXFileReference section */
		07D8AF341BC8201500648D6F /* Actions.app */ = {isa = PBXFileReference; explicitFileType = wrapper.application; includeInIndex = 0; path = Actions.app; sourceTree = BUILT_PRODUCTS_DIR; };
		07D8AF371BC8201500648D6F /* AppDelegate.swift */ = {isa = PBXFileReference; lastKnownFileType = sourcecode.swift; path = AppDelegate.swift; sourceTree = "<group>"; };
		07D8AF391BC8201500648D6F /* ViewController.swift */ = {isa = PBXFileReference; lastKnownFileType = sourcecode.swift; path = ViewController.swift; sourceTree = "<group>"; };
		07D8AF3C1BC8201500648D6F /* Base */ = {isa = PBXFileReference; lastKnownFileType = file.storyboard; name = Base; path = Base.lproj/Main.storyboard; sourceTree = "<group>"; };
		07D8AF3E1BC8201500648D6F /* Assets.xcassets */ = {isa = PBXFileReference; lastKnownFileType = folder.assetcatalog; path = Assets.xcassets; sourceTree = "<group>"; };
		07D8AF411BC8201500648D6F /* Base */ = {isa = PBXFileReference; lastKnownFileType = file.storyboard; name = Base; path = Base.lproj/LaunchScreen.storyboard; sourceTree = "<group>"; };
		07D8AF431BC8201500648D6F /* Info.plist */ = {isa = PBXFileReference; lastKnownFileType = text.plist.xml; path = Info.plist; sourceTree = "<group>"; };
		07D8AF491BC8218C00648D6F /* CircleLayer.swift */ = {isa = PBXFileReference; fileEncoding = 4; lastKnownFileType = sourcecode.swift; path = CircleLayer.swift; sourceTree = "<group>"; };
		07D8AF4B1BC825C800648D6F /* ActionViewController.swift */ = {isa = PBXFileReference; fileEncoding = 4; lastKnownFileType = sourcecode.swift; path = ActionViewController.swift; sourceTree = "<group>"; };
/* End PBXFileReference section */

/* Begin PBXFrameworksBuildPhase section */
		07D8AF311BC8201500648D6F /* Frameworks */ = {
			isa = PBXFrameworksBuildPhase;
			buildActionMask = 2147483647;
			files = (
			);
			runOnlyForDeploymentPostprocessing = 0;
		};
/* End PBXFrameworksBuildPhase section */

/* Begin PBXGroup section */
		07D8AF2B1BC8201500648D6F = {
			isa = PBXGroup;
			children = (
				07D8AF361BC8201500648D6F /* Actions */,
				07D8AF351BC8201500648D6F /* Products */,
			);
			sourceTree = "<group>";
		};
		07D8AF351BC8201500648D6F /* Products */ = {
			isa = PBXGroup;
			children = (
				07D8AF341BC8201500648D6F /* Actions.app */,
			);
			name = Products;
			sourceTree = "<group>";
		};
		07D8AF361BC8201500648D6F /* Actions */ = {
			isa = PBXGroup;
			children = (
				07D8AF491BC8218C00648D6F /* CircleLayer.swift */,
				07D8AF4B1BC825C800648D6F /* ActionViewController.swift */,
				07D8AF371BC8201500648D6F /* AppDelegate.swift */,
				07D8AF391BC8201500648D6F /* ViewController.swift */,
				07D8AF3B1BC8201500648D6F /* Main.storyboard */,
				07D8AF3E1BC8201500648D6F /* Assets.xcassets */,
				07D8AF401BC8201500648D6F /* LaunchScreen.storyboard */,
				07D8AF431BC8201500648D6F /* Info.plist */,
			);
			path = Actions;
			sourceTree = "<group>";
		};
/* End PBXGroup section */

/* Begin PBXNativeTarget section */
		07D8AF331BC8201500648D6F /* Actions */ = {
			isa = PBXNativeTarget;
			buildConfigurationList = 07D8AF461BC8201500648D6F /* Build configuration list for PBXNativeTarget "Actions" */;
			buildPhases = (
				07D8AF301BC8201500648D6F /* Sources */,
				07D8AF311BC8201500648D6F /* Frameworks */,
				07D8AF321BC8201500648D6F /* Resources */,
			);
			buildRules = (
			);
			dependencies = (
			);
			name = Actions;
			productName = Actions;
			productReference = 07D8AF341BC8201500648D6F /* Actions.app */;
			productType = "com.apple.product-type.application";
		};
/* End PBXNativeTarget section */

/* Begin PBXProject section */
		07D8AF2C1BC8201500648D6F /* Project object */ = {
			isa = PBXProject;
			attributes = {
				LastUpgradeCheck = 0700;
				ORGANIZATIONNAME = wj;
				TargetAttributes = {
					07D8AF331BC8201500648D6F = {
						CreatedOnToolsVersion = 7.0.1;
					};
				};
			};
			buildConfigurationList = 07D8AF2F1BC8201500648D6F /* Build configuration list for PBXProject "Actions" */;
			compatibilityVersion = "Xcode 3.2";
			developmentRegion = English;
			hasScannedForEncodings = 0;
			knownRegions = (
				en,
				Base,
			);
			mainGroup = 07D8AF2B1BC8201500648D6F;
			productRefGroup = 07D8AF351BC8201500648D6F /* Products */;
			projectDirPath = "";
			projectRoot = "";
			targets = (
				07D8AF331BC8201500648D6F /* Actions */,
			);
		};
/* End PBXProject section */

/* Begin PBXResourcesBuildPhase section */
		07D8AF321BC8201500648D6F /* Resources */ = {
			isa = PBXResourcesBuildPhase;
			buildActionMask = 2147483647;
			files = (
				07D8AF421BC8201500648D6F /* LaunchScreen.storyboard in Resources */,
				07D8AF3F1BC8201500648D6F /* Assets.xcassets in Resources */,
				07D8AF3D1BC8201500648D6F /* Main.storyboard in Resources */,
			);
			runOnlyForDeploymentPostprocessing = 0;
		};
/* End PBXResourcesBuildPhase section */

/* Begin PBXSourcesBuildPhase section */
		07D8AF301BC8201500648D6F /* Sources */ = {
			isa = PBXSourcesBuildPhase;
			buildActionMask = 2147483647;
			files = (
				07D8AF3A1BC8201500648D6F /* ViewController.swift in Sources */,
				07D8AF4A1BC8218C00648D6F /* CircleLayer.swift in Sources */,
				07D8AF4C1BC825C800648D6F /* ActionViewController.swift in Sources */,
				07D8AF381BC8201500648D6F /* AppDelegate.swift in Sources */,
			);
			runOnlyForDeploymentPostprocessing = 0;
		};
/* End PBXSourcesBuildPhase section */

/* Begin PBXVariantGroup section */
		07D8AF3B1BC8201500648D6F /* Main.storyboard */ = {
			isa = PBXVariantGroup;
			children = (
				07D8AF3C1BC8201500648D6F /* Base */,
			);
			name = Main.storyboard;
			sourceTree = "<group>";
		};
		07D8AF401BC8201500648D6F /* LaunchScreen.storyboard */ = {
			isa = PBXVariantGroup;
			children = (
				07D8AF411BC8201500648D6F /* Base */,
			);
			name = LaunchScreen.storyboard;
			sourceTree = "<group>";
		};
/* End PBXVariantGroup section */

/* Begin XCBuildConfiguration section */
		07D8AF441BC8201500648D6F /* Debug */ = {
			isa = XCBuildConfiguration;
			buildSettings = {
				ALWAYS_SEARCH_USER_PATHS = NO;
				CLANG_CXX_LANGUAGE_STANDARD = "gnu++0x";
				CLANG_CXX_LIBRARY = "libc++";
				CLANG_ENABLE_MODULES = YES;
				CLANG_ENABLE_OBJC_ARC = YES;
				CLANG_WARN_BOOL_CONVERSION = YES;
				CLANG_WARN_CONSTANT_CONVERSION = YES;
				CLANG_WARN_DIRECT_OBJC_ISA_USAGE = YES_ERROR;
				CLANG_WARN_EMPTY_BODY = YES;
				CLANG_WARN_ENUM_CONVERSION = YES;
				CLANG_WARN_INT_CONVERSION = YES;
				CLANG_WARN_OBJC_ROOT_CLASS = YES_ERROR;
				CLANG_WARN_UNREACHABLE_CODE = YES;
				CLANG_WARN__DUPLICATE_METHOD_MATCH = YES;
				"CODE_SIGN_IDENTITY[sdk=iphoneos*]" = "iPhone Developer";
				COPY_PHASE_STRIP = NO;
				DEBUG_INFORMATION_FORMAT = dwarf;
				ENABLE_STRICT_OBJC_MSGSEND = YES;
				ENABLE_TESTABILITY = YES;
				GCC_C_LANGUAGE_STANDARD = gnu99;
				GCC_DYNAMIC_NO_PIC = NO;
				GCC_NO_COMMON_BLOCKS = YES;
				GCC_OPTIMIZATION_LEVEL = 0;
				GCC_PREPROCESSOR_DEFINITIONS = (
					"DEBUG=1",
					"$(inherited)",
				);
				GCC_WARN_64_TO_32_BIT_CONVERSION = YES;
				GCC_WARN_ABOUT_RETURN_TYPE = YES_ERROR;
				GCC_WARN_UNDECLARED_SELECTOR = YES;
				GCC_WARN_UNINITIALIZED_AUTOS = YES_AGGRESSIVE;
				GCC_WARN_UNUSED_FUNCTION = YES;
				GCC_WARN_UNUSED_VARIABLE = YES;
				IPHONEOS_DEPLOYMENT_TARGET = 9.0;
				MTL_ENABLE_DEBUG_INFO = YES;
				ONLY_ACTIVE_ARCH = YES;
				SDKROOT = iphoneos;
				SWIFT_OPTIMIZATION_LEVEL = "-Onone";
			};
			name = Debug;
		};
		07D8AF451BC8201500648D6F /* Release */ = {
			isa = XCBuildConfiguration;
			buildSettings = {
				ALWAYS_SEARCH_USER_PATHS = NO;
				CLANG_CXX_LANGUAGE_STANDARD = "gnu++0x";
				CLANG_CXX_LIBRARY = "libc++";
				CLANG_ENABLE_MODULES = YES;
				CLANG_ENABLE_OBJC_ARC = YES;
				CLANG_WARN_BOOL_CONVERSION = YES;
				CLANG_WARN_CONSTANT_CONVERSION = YES;
				CLANG_WARN_DIRECT_OBJC_ISA_USAGE = YES_ERROR;
				CLANG_WARN_EMPTY_BODY = YES;
				CLANG_WARN_ENUM_CONVERSION = YES;
				CLANG_WARN_INT_CONVERSION = YES;
				CLANG_WARN_OBJC_ROOT_CLASS = YES_ERROR;
				CLANG_WARN_UNREACHABLE_CODE = YES;
				CLANG_WARN__DUPLICATE_METHOD_MATCH = YES;
				"CODE_SIGN_IDENTITY[sdk=iphoneos*]" = "iPhone Developer";
				COPY_PHASE_STRIP = NO;
				DEBUG_INFORMATION_FORMAT = "dwarf-with-dsym";
				ENABLE_NS_ASSERTIONS = NO;
				ENABLE_STRICT_OBJC_MSGSEND = YES;
				GCC_C_LANGUAGE_STANDARD = gnu99;
				GCC_NO_COMMON_BLOCKS = YES;
				GCC_WARN_64_TO_32_BIT_CONVERSION = YES;
				GCC_WARN_ABOUT_RETURN_TYPE = YES_ERROR;
				GCC_WARN_UNDECLARED_SELECTOR = YES;
				GCC_WARN_UNINITIALIZED_AUTOS = YES_AGGRESSIVE;
				GCC_WARN_UNUSED_FUNCTION = YES;
				GCC_WARN_UNUSED_VARIABLE = YES;
				IPHONEOS_DEPLOYMENT_TARGET = 9.0;
				MTL_ENABLE_DEBUG_INFO = NO;
				SDKROOT = iphoneos;
				VALIDATE_PRODUCT = YES;
			};
			name = Release;
		};
		07D8AF471BC8201500648D6F /* Debug */ = {
			isa = XCBuildConfiguration;
			buildSettings = {
				ASSETCATALOG_COMPILER_APPICON_NAME = AppIcon;
				INFOPLIST_FILE = Actions/Info.plist;
				LD_RUNPATH_SEARCH_PATHS = "$(inherited) @executable_path/Frameworks";
				PRODUCT_BUNDLE_IDENTIFIER = wj.Actions;
				PRODUCT_NAME = "$(TARGET_NAME)";
			};
			name = Debug;
		};
		07D8AF481BC8201500648D6F /* Release */ = {
			isa = XCBuildConfiguration;
			buildSettings = {
				ASSETCATALOG_COMPILER_APPICON_NAME = AppIcon;
				INFOPLIST_FILE = Actions/Info.plist;
				LD_RUNPATH_SEARCH_PATHS = "$(inherited) @executable_path/Frameworks";
				PRODUCT_BUNDLE_IDENTIFIER = wj.Actions;
				PRODUCT_NAME = "$(TARGET_NAME)";
			};
			name = Release;
		};
/* End XCBuildConfiguration section */

/* Begin XCConfigurationList section */
		07D8AF2F1BC8201500648D6F /* Build configuration list for PBXProject "Actions" */ = {
			isa = XCConfigurationList;
			buildConfigurations = (
				07D8AF441BC8201500648D6F /* Debug */,
				07D8AF451BC8201500648D6F /* Release */,
			);
			defaultConfigurationIsVisible = 0;
			defaultConfigurationName = Release;
		};
		07D8AF461BC8201500648D6F /* Build configuration list for PBXNativeTarget "Actions" */ = {
			isa = XCConfigurationList;
			buildConfigurations = (
				07D8AF471BC8201500648D6F /* Debug */,
				07D8AF481BC8201500648D6F /* Release */,
			);
			defaultConfigurationIsVisible = 0;
		};
/* End XCConfigurationList section */
	};
	rootObject = 07D8AF2C1BC8201500648D6F /* Project object */;
}
