// !$*UTF8*$!
{
	archiveVersion = 1;
	classes = {
	};
	objectVersion = 46;
	objects = {

/* Begin PBXBuildFile section */
		043684931C0C4F2500ECC2E7 /* AppDelegate.swift in Sources */ = {isa = PBXBuildFile; fileRef = 043684921C0C4F2500ECC2E7 /* AppDelegate.swift */; };
		043684951C0C4F2500ECC2E7 /* ViewController.swift in Sources */ = {isa = PBXBuildFile; fileRef = 043684941C0C4F2500ECC2E7 /* ViewController.swift */; };
		043684981C0C4F2500ECC2E7 /* Main.storyboard in Resources */ = {isa = PBXBuildFile; fileRef = 043684961C0C4F2500ECC2E7 /* Main.storyboard */; };
		0436849A1C0C4F2500ECC2E7 /* Assets.xcassets in Resources */ = {isa = PBXBuildFile; fileRef = 043684991C0C4F2500ECC2E7 /* Assets.xcassets */; };
		0436849D1C0C4F2500ECC2E7 /* LaunchScreen.storyboard in Resources */ = {isa = PBXBuildFile; fileRef = 0436849B1C0C4F2500ECC2E7 /* LaunchScreen.storyboard */; };
		043684A81C0C4F2500ECC2E7 /* SyncSemaphoreTests.swift in Sources */ = {isa = PBXBuildFile; fileRef = 043684A71C0C4F2500ECC2E7 /* SyncSemaphoreTests.swift */; };
/* End PBXBuildFile section */

/* Begin PBXContainerItemProxy section */
		043684A41C0C4F2500ECC2E7 /* PBXContainerItemProxy */ = {
			isa = PBXContainerItemProxy;
			containerPortal = 043684871C0C4F2500ECC2E7 /* Project object */;
			proxyType = 1;
			remoteGlobalIDString = 0436848E1C0C4F2500ECC2E7;
			remoteInfo = SyncSemaphore;
		};
/* End PBXContainerItemProxy section */

/* Begin PBXFileReference section */
		0436848F1C0C4F2500ECC2E7 /* SyncSemaphore.app */ = {isa = PBXFileReference; explicitFileType = wrapper.application; includeInIndex = 0; path = SyncSemaphore.app; sourceTree = BUILT_PRODUCTS_DIR; };
		043684921C0C4F2500ECC2E7 /* AppDelegate.swift */ = {isa = PBXFileReference; lastKnownFileType = sourcecode.swift; path = AppDelegate.swift; sourceTree = "<group>"; };
		043684941C0C4F2500ECC2E7 /* ViewController.swift */ = {isa = PBXFileReference; lastKnownFileType = sourcecode.swift; path = ViewController.swift; sourceTree = "<group>"; };
		043684971C0C4F2500ECC2E7 /* Base */ = {isa = PBXFileReference; lastKnownFileType = file.storyboard; name = Base; path = Base.lproj/Main.storyboard; sourceTree = "<group>"; };
		043684991C0C4F2500ECC2E7 /* Assets.xcassets */ = {isa = PBXFileReference; lastKnownFileType = folder.assetcatalog; path = Assets.xcassets; sourceTree = "<group>"; };
		0436849C1C0C4F2500ECC2E7 /* Base */ = {isa = PBXFileReference; lastKnownFileType = file.storyboard; name = Base; path = Base.lproj/LaunchScreen.storyboard; sourceTree = "<group>"; };
		0436849E1C0C4F2500ECC2E7 /* Info.plist */ = {isa = PBXFileReference; lastKnownFileType = text.plist.xml; path = Info.plist; sourceTree = "<group>"; };
		043684A31C0C4F2500ECC2E7 /* SyncSemaphoreTests.xctest */ = {isa = PBXFileReference; explicitFileType = wrapper.cfbundle; includeInIndex = 0; path = SyncSemaphoreTests.xctest; sourceTree = BUILT_PRODUCTS_DIR; };
		043684A71C0C4F2500ECC2E7 /* SyncSemaphoreTests.swift */ = {isa = PBXFileReference; lastKnownFileType = sourcecode.swift; path = SyncSemaphoreTests.swift; sourceTree = "<group>"; };
		043684A91C0C4F2500ECC2E7 /* Info.plist */ = {isa = PBXFileReference; lastKnownFileType = text.plist.xml; path = Info.plist; sourceTree = "<group>"; };
/* End PBXFileReference section */

/* Begin PBXFrameworksBuildPhase section */
		0436848C1C0C4F2500ECC2E7 /* Frameworks */ = {
			isa = PBXFrameworksBuildPhase;
			buildActionMask = 2147483647;
			files = (
			);
			runOnlyForDeploymentPostprocessing = 0;
		};
		043684A01C0C4F2500ECC2E7 /* Frameworks */ = {
			isa = PBXFrameworksBuildPhase;
			buildActionMask = 2147483647;
			files = (
			);
			runOnlyForDeploymentPostprocessing = 0;
		};
/* End PBXFrameworksBuildPhase section */

/* Begin PBXGroup section */
		043684861C0C4F2500ECC2E7 = {
			isa = PBXGroup;
			children = (
				043684911C0C4F2500ECC2E7 /* SyncSemaphore */,
				043684A61C0C4F2500ECC2E7 /* SyncSemaphoreTests */,
				043684901C0C4F2500ECC2E7 /* Products */,
			);
			sourceTree = "<group>";
		};
		043684901C0C4F2500ECC2E7 /* Products */ = {
			isa = PBXGroup;
			children = (
				0436848F1C0C4F2500ECC2E7 /* SyncSemaphore.app */,
				043684A31C0C4F2500ECC2E7 /* SyncSemaphoreTests.xctest */,
			);
			name = Products;
			sourceTree = "<group>";
		};
		043684911C0C4F2500ECC2E7 /* SyncSemaphore */ = {
			isa = PBXGroup;
			children = (
				043684921C0C4F2500ECC2E7 /* AppDelegate.swift */,
				043684941C0C4F2500ECC2E7 /* ViewController.swift */,
				043684961C0C4F2500ECC2E7 /* Main.storyboard */,
				043684991C0C4F2500ECC2E7 /* Assets.xcassets */,
				0436849B1C0C4F2500ECC2E7 /* LaunchScreen.storyboard */,
				0436849E1C0C4F2500ECC2E7 /* Info.plist */,
			);
			path = SyncSemaphore;
			sourceTree = "<group>";
		};
		043684A61C0C4F2500ECC2E7 /* SyncSemaphoreTests */ = {
			isa = PBXGroup;
			children = (
				043684A71C0C4F2500ECC2E7 /* SyncSemaphoreTests.swift */,
				043684A91C0C4F2500ECC2E7 /* Info.plist */,
			);
			path = SyncSemaphoreTests;
			sourceTree = "<group>";
		};
/* End PBXGroup section */

/* Begin PBXNativeTarget section */
		0436848E1C0C4F2500ECC2E7 /* SyncSemaphore */ = {
			isa = PBXNativeTarget;
			buildConfigurationList = 043684AC1C0C4F2500ECC2E7 /* Build configuration list for PBXNativeTarget "SyncSemaphore" */;
			buildPhases = (
				0436848B1C0C4F2500ECC2E7 /* Sources */,
				0436848C1C0C4F2500ECC2E7 /* Frameworks */,
				0436848D1C0C4F2500ECC2E7 /* Resources */,
			);
			buildRules = (
			);
			dependencies = (
			);
			name = SyncSemaphore;
			productName = SyncSemaphore;
			productReference = 0436848F1C0C4F2500ECC2E7 /* SyncSemaphore.app */;
			productType = "com.apple.product-type.application";
		};
		043684A21C0C4F2500ECC2E7 /* SyncSemaphoreTests */ = {
			isa = PBXNativeTarget;
			buildConfigurationList = 043684AF1C0C4F2500ECC2E7 /* Build configuration list for PBXNativeTarget "SyncSemaphoreTests" */;
			buildPhases = (
				0436849F1C0C4F2500ECC2E7 /* Sources */,
				043684A01C0C4F2500ECC2E7 /* Frameworks */,
				043684A11C0C4F2500ECC2E7 /* Resources */,
			);
			buildRules = (
			);
			dependencies = (
				043684A51C0C4F2500ECC2E7 /* PBXTargetDependency */,
			);
			name = SyncSemaphoreTests;
			productName = SyncSemaphoreTests;
			productReference = 043684A31C0C4F2500ECC2E7 /* SyncSemaphoreTests.xctest */;
			productType = "com.apple.product-type.bundle.unit-test";
		};
/* End PBXNativeTarget section */

/* Begin PBXProject section */
		043684871C0C4F2500ECC2E7 /* Project object */ = {
			isa = PBXProject;
			attributes = {
				LastSwiftUpdateCheck = 0710;
				LastUpgradeCheck = 0830;
				ORGANIZATIONNAME = wj;
				TargetAttributes = {
					0436848E1C0C4F2500ECC2E7 = {
						CreatedOnToolsVersion = 7.1;
						LastSwiftMigration = 0830;
					};
					043684A21C0C4F2500ECC2E7 = {
						CreatedOnToolsVersion = 7.1;
						LastSwiftMigration = 0830;
						TestTargetID = 0436848E1C0C4F2500ECC2E7;
					};
				};
			};
			buildConfigurationList = 0436848A1C0C4F2500ECC2E7 /* Build configuration list for PBXProject "SyncSemaphore" */;
			compatibilityVersion = "Xcode 3.2";
			developmentRegion = English;
			hasScannedForEncodings = 0;
			knownRegions = (
				en,
				Base,
			);
			mainGroup = 043684861C0C4F2500ECC2E7;
			productRefGroup = 043684901C0C4F2500ECC2E7 /* Products */;
			projectDirPath = "";
			projectRoot = "";
			targets = (
				0436848E1C0C4F2500ECC2E7 /* SyncSemaphore */,
				043684A21C0C4F2500ECC2E7 /* SyncSemaphoreTests */,
			);
		};
/* End PBXProject section */

/* Begin PBXResourcesBuildPhase section */
		0436848D1C0C4F2500ECC2E7 /* Resources */ = {
			isa = PBXResourcesBuildPhase;
			buildActionMask = 2147483647;
			files = (
				0436849D1C0C4F2500ECC2E7 /* LaunchScreen.storyboard in Resources */,
				0436849A1C0C4F2500ECC2E7 /* Assets.xcassets in Resources */,
				043684981C0C4F2500ECC2E7 /* Main.storyboard in Resources */,
			);
			runOnlyForDeploymentPostprocessing = 0;
		};
		043684A11C0C4F2500ECC2E7 /* Resources */ = {
			isa = PBXResourcesBuildPhase;
			buildActionMask = 2147483647;
			files = (
			);
			runOnlyForDeploymentPostprocessing = 0;
		};
/* End PBXResourcesBuildPhase section */

/* Begin PBXSourcesBuildPhase section */
		0436848B1C0C4F2500ECC2E7 /* Sources */ = {
			isa = PBXSourcesBuildPhase;
			buildActionMask = 2147483647;
			files = (
				043684951C0C4F2500ECC2E7 /* ViewController.swift in Sources */,
				043684931C0C4F2500ECC2E7 /* AppDelegate.swift in Sources */,
			);
			runOnlyForDeploymentPostprocessing = 0;
		};
		0436849F1C0C4F2500ECC2E7 /* Sources */ = {
			isa = PBXSourcesBuildPhase;
			buildActionMask = 2147483647;
			files = (
				043684A81C0C4F2500ECC2E7 /* SyncSemaphoreTests.swift in Sources */,
			);
			runOnlyForDeploymentPostprocessing = 0;
		};
/* End PBXSourcesBuildPhase section */

/* Begin PBXTargetDependency section */
		043684A51C0C4F2500ECC2E7 /* PBXTargetDependency */ = {
			isa = PBXTargetDependency;
			target = 0436848E1C0C4F2500ECC2E7 /* SyncSemaphore */;
			targetProxy = 043684A41C0C4F2500ECC2E7 /* PBXContainerItemProxy */;
		};
/* End PBXTargetDependency section */

/* Begin PBXVariantGroup section */
		043684961C0C4F2500ECC2E7 /* Main.storyboard */ = {
			isa = PBXVariantGroup;
			children = (
				043684971C0C4F2500ECC2E7 /* Base */,
			);
			name = Main.storyboard;
			sourceTree = "<group>";
		};
		0436849B1C0C4F2500ECC2E7 /* LaunchScreen.storyboard */ = {
			isa = PBXVariantGroup;
			children = (
				0436849C1C0C4F2500ECC2E7 /* Base */,
			);
			name = LaunchScreen.storyboard;
			sourceTree = "<group>";
		};
/* End PBXVariantGroup section */

/* Begin XCBuildConfiguration section */
		043684AA1C0C4F2500ECC2E7 /* Debug */ = {
			isa = XCBuildConfiguration;
			buildSettings = {
				ALWAYS_SEARCH_USER_PATHS = NO;
				CLANG_CXX_LANGUAGE_STANDARD = "gnu++0x";
				CLANG_CXX_LIBRARY = "libc++";
				CLANG_ENABLE_MODULES = YES;
				CLANG_ENABLE_OBJC_ARC = YES;
				CLANG_WARN_BOOL_CONVERSION = YES;
				CLANG_WARN_CONSTANT_CONVERSION = YES;
				CLANG_WARN_DIRECT_OBJC_ISA_USAGE = YES_ERROR;
				CLANG_WARN_EMPTY_BODY = YES;
				CLANG_WARN_ENUM_CONVERSION = YES;
				CLANG_WARN_INFINITE_RECURSION = YES;
				CLANG_WARN_INT_CONVERSION = YES;
				CLANG_WARN_OBJC_ROOT_CLASS = YES_ERROR;
				CLANG_WARN_SUSPICIOUS_MOVE = YES;
				CLANG_WARN_UNREACHABLE_CODE = YES;
				CLANG_WARN__DUPLICATE_METHOD_MATCH = YES;
				"CODE_SIGN_IDENTITY[sdk=iphoneos*]" = "iPhone Developer";
				COPY_PHASE_STRIP = NO;
				DEBUG_INFORMATION_FORMAT = dwarf;
				ENABLE_STRICT_OBJC_MSGSEND = YES;
				ENABLE_TESTABILITY = YES;
				GCC_C_LANGUAGE_STANDARD = gnu99;
				GCC_DYNAMIC_NO_PIC = NO;
				GCC_NO_COMMON_BLOCKS = YES;
				GCC_OPTIMIZATION_LEVEL = 0;
				GCC_PREPROCESSOR_DEFINITIONS = (
					"DEBUG=1",
					"$(inherited)",
				);
				GCC_WARN_64_TO_32_BIT_CONVERSION = YES;
				GCC_WARN_ABOUT_RETURN_TYPE = YES_ERROR;
				GCC_WARN_UNDECLARED_SELECTOR = YES;
				GCC_WARN_UNINITIALIZED_AUTOS = YES_AGGRESSIVE;
				GCC_WARN_UNUSED_FUNCTION = YES;
				GCC_WARN_UNUSED_VARIABLE = YES;
				IPHONEOS_DEPLOYMENT_TARGET = 9.1;
				MTL_ENABLE_DEBUG_INFO = YES;
				ONLY_ACTIVE_ARCH = YES;
				SDKROOT = iphoneos;
				SWIFT_OPTIMIZATION_LEVEL = "-Onone";
			};
			name = Debug;
		};
		043684AB1C0C4F2500ECC2E7 /* Release */ = {
			isa = XCBuildConfiguration;
			buildSettings = {
				ALWAYS_SEARCH_USER_PATHS = NO;
				CLANG_CXX_LANGUAGE_STANDARD = "gnu++0x";
				CLANG_CXX_LIBRARY = "libc++";
				CLANG_ENABLE_MODULES = YES;
				CLANG_ENABLE_OBJC_ARC = YES;
				CLANG_WARN_BOOL_CONVERSION = YES;
				CLANG_WARN_CONSTANT_CONVERSION = YES;
				CLANG_WARN_DIRECT_OBJC_ISA_USAGE = YES_ERROR;
				CLANG_WARN_EMPTY_BODY = YES;
				CLANG_WARN_ENUM_CONVERSION = YES;
				CLANG_WARN_INFINITE_RECURSION = YES;
				CLANG_WARN_INT_CONVERSION = YES;
				CLANG_WARN_OBJC_ROOT_CLASS = YES_ERROR;
				CLANG_WARN_SUSPICIOUS_MOVE = YES;
				CLANG_WARN_UNREACHABLE_CODE = YES;
				CLANG_WARN__DUPLICATE_METHOD_MATCH = YES;
				"CODE_SIGN_IDENTITY[sdk=iphoneos*]" = "iPhone Developer";
				COPY_PHASE_STRIP = NO;
				DEBUG_INFORMATION_FORMAT = "dwarf-with-dsym";
				ENABLE_NS_ASSERTIONS = NO;
				ENABLE_STRICT_OBJC_MSGSEND = YES;
				GCC_C_LANGUAGE_STANDARD = gnu99;
				GCC_NO_COMMON_BLOCKS = YES;
				GCC_WARN_64_TO_32_BIT_CONVERSION = YES;
				GCC_WARN_ABOUT_RETURN_TYPE = YES_ERROR;
				GCC_WARN_UNDECLARED_SELECTOR = YES;
				GCC_WARN_UNINITIALIZED_AUTOS = YES_AGGRESSIVE;
				GCC_WARN_UNUSED_FUNCTION = YES;
				GCC_WARN_UNUSED_VARIABLE = YES;
				IPHONEOS_DEPLOYMENT_TARGET = 9.1;
				MTL_ENABLE_DEBUG_INFO = NO;
				SDKROOT = iphoneos;
				SWIFT_OPTIMIZATION_LEVEL = "-Owholemodule";
				VALIDATE_PRODUCT = YES;
			};
			name = Release;
		};
		043684AD1C0C4F2500ECC2E7 /* Debug */ = {
			isa = XCBuildConfiguration;
			buildSettings = {
				ASSETCATALOG_COMPILER_APPICON_NAME = AppIcon;
				INFOPLIST_FILE = SyncSemaphore/Info.plist;
				LD_RUNPATH_SEARCH_PATHS = "$(inherited) @executable_path/Frameworks";
				PRODUCT_BUNDLE_IDENTIFIER = wj.SyncSemaphore;
				PRODUCT_NAME = "$(TARGET_NAME)";
				SWIFT_VERSION = 3.0;
			};
			name = Debug;
		};
		043684AE1C0C4F2500ECC2E7 /* Release */ = {
			isa = XCBuildConfiguration;
			buildSettings = {
				ASSETCATALOG_COMPILER_APPICON_NAME = AppIcon;
				INFOPLIST_FILE = SyncSemaphore/Info.plist;
				LD_RUNPATH_SEARCH_PATHS = "$(inherited) @executable_path/Frameworks";
				PRODUCT_BUNDLE_IDENTIFIER = wj.SyncSemaphore;
				PRODUCT_NAME = "$(TARGET_NAME)";
				SWIFT_VERSION = 3.0;
			};
			name = Release;
		};
		043684B01C0C4F2500ECC2E7 /* Debug */ = {
			isa = XCBuildConfiguration;
			buildSettings = {
				BUNDLE_LOADER = "$(TEST_HOST)";
				INFOPLIST_FILE = SyncSemaphoreTests/Info.plist;
				LD_RUNPATH_SEARCH_PATHS = "$(inherited) @executable_path/Frameworks @loader_path/Frameworks";
				PRODUCT_BUNDLE_IDENTIFIER = wj.SyncSemaphoreTests;
				PRODUCT_NAME = "$(TARGET_NAME)";
				SWIFT_VERSION = 3.0;
				TEST_HOST = "$(BUILT_PRODUCTS_DIR)/SyncSemaphore.app/SyncSemaphore";
			};
			name = Debug;
		};
		043684B11C0C4F2500ECC2E7 /* Release */ = {
			isa = XCBuildConfiguration;
			buildSettings = {
				BUNDLE_LOADER = "$(TEST_HOST)";
				INFOPLIST_FILE = SyncSemaphoreTests/Info.plist;
				LD_RUNPATH_SEARCH_PATHS = "$(inherited) @executable_path/Frameworks @loader_path/Frameworks";
				PRODUCT_BUNDLE_IDENTIFIER = wj.SyncSemaphoreTests;
				PRODUCT_NAME = "$(TARGET_NAME)";
				SWIFT_VERSION = 3.0;
				TEST_HOST = "$(BUILT_PRODUCTS_DIR)/SyncSemaphore.app/SyncSemaphore";
			};
			name = Release;
		};
/* End XCBuildConfiguration section */

/* Begin XCConfigurationList section */
		0436848A1C0C4F2500ECC2E7 /* Build configuration list for PBXProject "SyncSemaphore" */ = {
			isa = XCConfigurationList;
			buildConfigurations = (
				043684AA1C0C4F2500ECC2E7 /* Debug */,
				043684AB1C0C4F2500ECC2E7 /* Release */,
			);
			defaultConfigurationIsVisible = 0;
			defaultConfigurationName = Release;
		};
		043684AC1C0C4F2500ECC2E7 /* Build configuration list for PBXNativeTarget "SyncSemaphore" */ = {
			isa = XCConfigurationList;
			buildConfigurations = (
				043684AD1C0C4F2500ECC2E7 /* Debug */,
				043684AE1C0C4F2500ECC2E7 /* Release */,
			);
			defaultConfigurationIsVisible = 0;
			defaultConfigurationName = Release;
		};
		043684AF1C0C4F2500ECC2E7 /* Build configuration list for PBXNativeTarget "SyncSemaphoreTests" */ = {
			isa = XCConfigurationList;
			buildConfigurations = (
				043684B01C0C4F2500ECC2E7 /* Debug */,
				043684B11C0C4F2500ECC2E7 /* Release */,
			);
			defaultConfigurationIsVisible = 0;
			defaultConfigurationName = Release;
		};
/* End XCConfigurationList section */
	};
	rootObject = 043684871C0C4F2500ECC2E7 /* Project object */;
}
