// !$*UTF8*$!
{
	archiveVersion = 1;
	classes = {
	};
	objectVersion = 46;
	objects = {

/* Begin PBXBuildFile section */
		07C04F961BC41336007FA743 /* AppDelegate.swift in Sources */ = {isa = PBXBuildFile; fileRef = 07C04F951BC41336007FA743 /* AppDelegate.swift */; };
		07C04F9B1BC41336007FA743 /* Main.storyboard in Resources */ = {isa = PBXBuildFile; fileRef = 07C04F991BC41336007FA743 /* Main.storyboard */; };
		07C04F9D1BC41336007FA743 /* Assets.xcassets in Resources */ = {isa = PBXBuildFile; fileRef = 07C04F9C1BC41336007FA743 /* Assets.xcassets */; };
		07C04FA01BC41336007FA743 /* LaunchScreen.storyboard in Resources */ = {isa = PBXBuildFile; fileRef = 07C04F9E1BC41336007FA743 /* LaunchScreen.storyboard */; };
		07C04FA81BC413E6007FA743 /* ViewAnimationViewController.swift in Sources */ = {isa = PBXBuildFile; fileRef = 07C04FA71BC413E6007FA743 /* ViewAnimationViewController.swift */; };
		07C04FAA1BC41437007FA743 /* CircleView.swift in Sources */ = {isa = PBXBuildFile; fileRef = 07C04FA91BC41437007FA743 /* CircleView.swift */; };
/* End PBXBuildFile section */

/* Begin PBXFileReference section */
		07C04F921BC41336007FA743 /* ViewAnimation.app */ = {isa = PBXFileReference; explicitFileType = wrapper.application; includeInIndex = 0; path = ViewAnimation.app; sourceTree = BUILT_PRODUCTS_DIR; };
		07C04F951BC41336007FA743 /* AppDelegate.swift */ = {isa = PBXFileReference; lastKnownFileType = sourcecode.swift; path = AppDelegate.swift; sourceTree = "<group>"; };
		07C04F9A1BC41336007FA743 /* Base */ = {isa = PBXFileReference; lastKnownFileType = file.storyboard; name = Base; path = Base.lproj/Main.storyboard; sourceTree = "<group>"; };
		07C04F9C1BC41336007FA743 /* Assets.xcassets */ = {isa = PBXFileReference; lastKnownFileType = folder.assetcatalog; path = Assets.xcassets; sourceTree = "<group>"; };
		07C04F9F1BC41336007FA743 /* Base */ = {isa = PBXFileReference; lastKnownFileType = file.storyboard; name = Base; path = Base.lproj/LaunchScreen.storyboard; sourceTree = "<group>"; };
		07C04FA11BC41336007FA743 /* Info.plist */ = {isa = PBXFileReference; lastKnownFileType = text.plist.xml; path = Info.plist; sourceTree = "<group>"; };
		07C04FA71BC413E6007FA743 /* ViewAnimationViewController.swift */ = {isa = PBXFileReference; fileEncoding = 4; lastKnownFileType = sourcecode.swift; path = ViewAnimationViewController.swift; sourceTree = "<group>"; };
		07C04FA91BC41437007FA743 /* CircleView.swift */ = {isa = PBXFileReference; fileEncoding = 4; lastKnownFileType = sourcecode.swift; path = CircleView.swift; sourceTree = "<group>"; };
/* End PBXFileReference section */

/* Begin PBXFrameworksBuildPhase section */
		07C04F8F1BC41336007FA743 /* Frameworks */ = {
			isa = PBXFrameworksBuildPhase;
			buildActionMask = 2147483647;
			files = (
			);
			runOnlyForDeploymentPostprocessing = 0;
		};
/* End PBXFrameworksBuildPhase section */

/* Begin PBXGroup section */
		07C04F891BC41336007FA743 = {
			isa = PBXGroup;
			children = (
				07C04F941BC41336007FA743 /* ViewAnimation */,
				07C04F931BC41336007FA743 /* Products */,
			);
			sourceTree = "<group>";
		};
		07C04F931BC41336007FA743 /* Products */ = {
			isa = PBXGroup;
			children = (
				07C04F921BC41336007FA743 /* ViewAnimation.app */,
			);
			name = Products;
			sourceTree = "<group>";
		};
		07C04F941BC41336007FA743 /* ViewAnimation */ = {
			isa = PBXGroup;
			children = (
				07C04FA91BC41437007FA743 /* CircleView.swift */,
				07C04F951BC41336007FA743 /* AppDelegate.swift */,
				07C04FA71BC413E6007FA743 /* ViewAnimationViewController.swift */,
				07C04F991BC41336007FA743 /* Main.storyboard */,
				07C04F9C1BC41336007FA743 /* Assets.xcassets */,
				07C04F9E1BC41336007FA743 /* LaunchScreen.storyboard */,
				07C04FA11BC41336007FA743 /* Info.plist */,
			);
			path = ViewAnimation;
			sourceTree = "<group>";
		};
/* End PBXGroup section */

/* Begin PBXNativeTarget section */
		07C04F911BC41336007FA743 /* ViewAnimation */ = {
			isa = PBXNativeTarget;
			buildConfigurationList = 07C04FA41BC41336007FA743 /* Build configuration list for PBXNativeTarget "ViewAnimation" */;
			buildPhases = (
				07C04F8E1BC41336007FA743 /* Sources */,
				07C04F8F1BC41336007FA743 /* Frameworks */,
				07C04F901BC41336007FA743 /* Resources */,
			);
			buildRules = (
			);
			dependencies = (
			);
			name = ViewAnimation;
			productName = ViewAnimation;
			productReference = 07C04F921BC41336007FA743 /* ViewAnimation.app */;
			productType = "com.apple.product-type.application";
		};
/* End PBXNativeTarget section */

/* Begin PBXProject section */
		07C04F8A1BC41336007FA743 /* Project object */ = {
			isa = PBXProject;
			attributes = {
				LastUpgradeCheck = 0800;
				ORGANIZATIONNAME = wj;
				TargetAttributes = {
					07C04F911BC41336007FA743 = {
						CreatedOnToolsVersion = 7.0.1;
						LastSwiftMigration = 0800;
					};
				};
			};
			buildConfigurationList = 07C04F8D1BC41336007FA743 /* Build configuration list for PBXProject "ViewAnimation" */;
			compatibilityVersion = "Xcode 3.2";
			developmentRegion = English;
			hasScannedForEncodings = 0;
			knownRegions = (
				en,
				Base,
			);
			mainGroup = 07C04F891BC41336007FA743;
			productRefGroup = 07C04F931BC41336007FA743 /* Products */;
			projectDirPath = "";
			projectRoot = "";
			targets = (
				07C04F911BC41336007FA743 /* ViewAnimation */,
			);
		};
/* End PBXProject section */

/* Begin PBXResourcesBuildPhase section */
		07C04F901BC41336007FA743 /* Resources */ = {
			isa = PBXResourcesBuildPhase;
			buildActionMask = 2147483647;
			files = (
				07C04FA01BC41336007FA743 /* LaunchScreen.storyboard in Resources */,
				07C04F9D1BC41336007FA743 /* Assets.xcassets in Resources */,
				07C04F9B1BC41336007FA743 /* Main.storyboard in Resources */,
			);
			runOnlyForDeploymentPostprocessing = 0;
		};
/* End PBXResourcesBuildPhase section */

/* Begin PBXSourcesBuildPhase section */
		07C04F8E1BC41336007FA743 /* Sources */ = {
			isa = PBXSourcesBuildPhase;
			buildActionMask = 2147483647;
			files = (
				07C04FAA1BC41437007FA743 /* CircleView.swift in Sources */,
				07C04F961BC41336007FA743 /* AppDelegate.swift in Sources */,
				07C04FA81BC413E6007FA743 /* ViewAnimationViewController.swift in Sources */,
			);
			runOnlyForDeploymentPostprocessing = 0;
		};
/* End PBXSourcesBuildPhase section */

/* Begin PBXVariantGroup section */
		07C04F991BC41336007FA743 /* Main.storyboard */ = {
			isa = PBXVariantGroup;
			children = (
				07C04F9A1BC41336007FA743 /* Base */,
			);
			name = Main.storyboard;
			sourceTree = "<group>";
		};
		07C04F9E1BC41336007FA743 /* LaunchScreen.storyboard */ = {
			isa = PBXVariantGroup;
			children = (
				07C04F9F1BC41336007FA743 /* Base */,
			);
			name = LaunchScreen.storyboard;
			sourceTree = "<group>";
		};
/* End PBXVariantGroup section */

/* Begin XCBuildConfiguration section */
		07C04FA21BC41336007FA743 /* Debug */ = {
			isa = XCBuildConfiguration;
			buildSettings = {
				ALWAYS_SEARCH_USER_PATHS = NO;
				CLANG_CXX_LANGUAGE_STANDARD = "gnu++0x";
				CLANG_CXX_LIBRARY = "libc++";
				CLANG_ENABLE_MODULES = YES;
				CLANG_ENABLE_OBJC_ARC = YES;
				CLANG_WARN_BOOL_CONVERSION = YES;
				CLANG_WARN_CONSTANT_CONVERSION = YES;
				CLANG_WARN_DIRECT_OBJC_ISA_USAGE = YES_ERROR;
				CLANG_WARN_EMPTY_BODY = YES;
				CLANG_WARN_ENUM_CONVERSION = YES;
				CLANG_WARN_INFINITE_RECURSION = YES;
				CLANG_WARN_INT_CONVERSION = YES;
				CLANG_WARN_OBJC_ROOT_CLASS = YES_ERROR;
				CLANG_WARN_SUSPICIOUS_MOVE = YES;
				CLANG_WARN_UNREACHABLE_CODE = YES;
				CLANG_WARN__DUPLICATE_METHOD_MATCH = YES;
				"CODE_SIGN_IDENTITY[sdk=iphoneos*]" = "iPhone Developer";
				COPY_PHASE_STRIP = NO;
				DEBUG_INFORMATION_FORMAT = dwarf;
				ENABLE_STRICT_OBJC_MSGSEND = YES;
				ENABLE_TESTABILITY = YES;
				GCC_C_LANGUAGE_STANDARD = gnu99;
				GCC_DYNAMIC_NO_PIC = NO;
				GCC_NO_COMMON_BLOCKS = YES;
				GCC_OPTIMIZATION_LEVEL = 0;
				GCC_PREPROCESSOR_DEFINITIONS = (
					"DEBUG=1",
					"$(inherited)",
				);
				GCC_WARN_64_TO_32_BIT_CONVERSION = YES;
				GCC_WARN_ABOUT_RETURN_TYPE = YES_ERROR;
				GCC_WARN_UNDECLARED_SELECTOR = YES;
				GCC_WARN_UNINITIALIZED_AUTOS = YES_AGGRESSIVE;
				GCC_WARN_UNUSED_FUNCTION = YES;
				GCC_WARN_UNUSED_VARIABLE = YES;
				IPHONEOS_DEPLOYMENT_TARGET = 9.0;
				MTL_ENABLE_DEBUG_INFO = YES;
				ONLY_ACTIVE_ARCH = YES;
				SDKROOT = iphoneos;
				SWIFT_OPTIMIZATION_LEVEL = "-Onone";
			};
			name = Debug;
		};
		07C04FA31BC41336007FA743 /* Release */ = {
			isa = XCBuildConfiguration;
			buildSettings = {
				ALWAYS_SEARCH_USER_PATHS = NO;
				CLANG_CXX_LANGUAGE_STANDARD = "gnu++0x";
				CLANG_CXX_LIBRARY = "libc++";
				CLANG_ENABLE_MODULES = YES;
				CLANG_ENABLE_OBJC_ARC = YES;
				CLANG_WARN_BOOL_CONVERSION = YES;
				CLANG_WARN_CONSTANT_CONVERSION = YES;
				CLANG_WARN_DIRECT_OBJC_ISA_USAGE = YES_ERROR;
				CLANG_WARN_EMPTY_BODY = YES;
				CLANG_WARN_ENUM_CONVERSION = YES;
				CLANG_WARN_INFINITE_RECURSION = YES;
				CLANG_WARN_INT_CONVERSION = YES;
				CLANG_WARN_OBJC_ROOT_CLASS = YES_ERROR;
				CLANG_WARN_SUSPICIOUS_MOVE = YES;
				CLANG_WARN_UNREACHABLE_CODE = YES;
				CLANG_WARN__DUPLICATE_METHOD_MATCH = YES;
				"CODE_SIGN_IDENTITY[sdk=iphoneos*]" = "iPhone Developer";
				COPY_PHASE_STRIP = NO;
				DEBUG_INFORMATION_FORMAT = "dwarf-with-dsym";
				ENABLE_NS_ASSERTIONS = NO;
				ENABLE_STRICT_OBJC_MSGSEND = YES;
				GCC_C_LANGUAGE_STANDARD = gnu99;
				GCC_NO_COMMON_BLOCKS = YES;
				GCC_WARN_64_TO_32_BIT_CONVERSION = YES;
				GCC_WARN_ABOUT_RETURN_TYPE = YES_ERROR;
				GCC_WARN_UNDECLARED_SELECTOR = YES;
				GCC_WARN_UNINITIALIZED_AUTOS = YES_AGGRESSIVE;
				GCC_WARN_UNUSED_FUNCTION = YES;
				GCC_WARN_UNUSED_VARIABLE = YES;
				IPHONEOS_DEPLOYMENT_TARGET = 9.0;
				MTL_ENABLE_DEBUG_INFO = NO;
				SDKROOT = iphoneos;
				SWIFT_OPTIMIZATION_LEVEL = "-Owholemodule";
				VALIDATE_PRODUCT = YES;
			};
			name = Release;
		};
		07C04FA51BC41336007FA743 /* Debug */ = {
			isa = XCBuildConfiguration;
			buildSettings = {
				ASSETCATALOG_COMPILER_APPICON_NAME = AppIcon;
				INFOPLIST_FILE = ViewAnimation/Info.plist;
				LD_RUNPATH_SEARCH_PATHS = "$(inherited) @executable_path/Frameworks";
				PRODUCT_BUNDLE_IDENTIFIER = wj.ViewAnimation;
				PRODUCT_NAME = "$(TARGET_NAME)";
				SWIFT_VERSION = 3.0;
			};
			name = Debug;
		};
		07C04FA61BC41336007FA743 /* Release */ = {
			isa = XCBuildConfiguration;
			buildSettings = {
				ASSETCATALOG_COMPILER_APPICON_NAME = AppIcon;
				INFOPLIST_FILE = ViewAnimation/Info.plist;
				LD_RUNPATH_SEARCH_PATHS = "$(inherited) @executable_path/Frameworks";
				PRODUCT_BUNDLE_IDENTIFIER = wj.ViewAnimation;
				PRODUCT_NAME = "$(TARGET_NAME)";
				SWIFT_VERSION = 3.0;
			};
			name = Release;
		};
/* End XCBuildConfiguration section */

/* Begin XCConfigurationList section */
		07C04F8D1BC41336007FA743 /* Build configuration list for PBXProject "ViewAnimation" */ = {
			isa = XCConfigurationList;
			buildConfigurations = (
				07C04FA21BC41336007FA743 /* Debug */,
				07C04FA31BC41336007FA743 /* Release */,
			);
			defaultConfigurationIsVisible = 0;
			defaultConfigurationName = Release;
		};
		07C04FA41BC41336007FA743 /* Build configuration list for PBXNativeTarget "ViewAnimation" */ = {
			isa = XCConfigurationList;
			buildConfigurations = (
				07C04FA51BC41336007FA743 /* Debug */,
				07C04FA61BC41336007FA743 /* Release */,
			);
			defaultConfigurationIsVisible = 0;
			defaultConfigurationName = Release;
		};
/* End XCConfigurationList section */
	};
	rootObject = 07C04F8A1BC41336007FA743 /* Project object */;
}
