// !$*UTF8*$!
{
	archiveVersion = 1;
	classes = {
	};
	objectVersion = 46;
	objects = {

/* Begin PBXBuildFile section */
		0758D4C11BFE10CE00E07B4F /* AppDelegate.swift in Sources */ = {isa = PBXBuildFile; fileRef = 0758D4C01BFE10CE00E07B4F /* AppDelegate.swift */; };
		0758D4C31BFE10CE00E07B4F /* ViewController.swift in Sources */ = {isa = PBXBuildFile; fileRef = 0758D4C21BFE10CE00E07B4F /* ViewController.swift */; };
		0758D4C61BFE10CE00E07B4F /* Main.storyboard in Resources */ = {isa = PBXBuildFile; fileRef = 0758D4C41BFE10CE00E07B4F /* Main.storyboard */; };
		0758D4C81BFE10CE00E07B4F /* Assets.xcassets in Resources */ = {isa = PBXBuildFile; fileRef = 0758D4C71BFE10CE00E07B4F /* Assets.xcassets */; };
		0758D4CB1BFE10CE00E07B4F /* LaunchScreen.storyboard in Resources */ = {isa = PBXBuildFile; fileRef = 0758D4C91BFE10CE00E07B4F /* LaunchScreen.storyboard */; };
		0758D4D61BFE10CE00E07B4F /* TearOffTests.swift in Sources */ = {isa = PBXBuildFile; fileRef = 0758D4D51BFE10CE00E07B4F /* TearOffTests.swift */; };
		0758D4E11BFE138200E07B4F /* DefaultBehavior.swift in Sources */ = {isa = PBXBuildFile; fileRef = 0758D4E01BFE138200E07B4F /* DefaultBehavior.swift */; };
		0758D4E31BFE17A100E07B4F /* DraggableView.swift in Sources */ = {isa = PBXBuildFile; fileRef = 0758D4E21BFE17A100E07B4F /* DraggableView.swift */; };
		07B5AB371BFE1DF8001BB12E /* TearOffBehavior.swift in Sources */ = {isa = PBXBuildFile; fileRef = 07B5AB361BFE1DF8001BB12E /* TearOffBehavior.swift */; };
/* End PBXBuildFile section */

/* Begin PBXContainerItemProxy section */
		0758D4D21BFE10CE00E07B4F /* PBXContainerItemProxy */ = {
			isa = PBXContainerItemProxy;
			containerPortal = 0758D4B51BFE10CE00E07B4F /* Project object */;
			proxyType = 1;
			remoteGlobalIDString = 0758D4BC1BFE10CE00E07B4F;
			remoteInfo = TearOff;
		};
/* End PBXContainerItemProxy section */

/* Begin PBXFileReference section */
		0758D4BD1BFE10CE00E07B4F /* TearOff.app */ = {isa = PBXFileReference; explicitFileType = wrapper.application; includeInIndex = 0; path = TearOff.app; sourceTree = BUILT_PRODUCTS_DIR; };
		0758D4C01BFE10CE00E07B4F /* AppDelegate.swift */ = {isa = PBXFileReference; lastKnownFileType = sourcecode.swift; path = AppDelegate.swift; sourceTree = "<group>"; };
		0758D4C21BFE10CE00E07B4F /* ViewController.swift */ = {isa = PBXFileReference; lastKnownFileType = sourcecode.swift; path = ViewController.swift; sourceTree = "<group>"; };
		0758D4C51BFE10CE00E07B4F /* Base */ = {isa = PBXFileReference; lastKnownFileType = file.storyboard; name = Base; path = Base.lproj/Main.storyboard; sourceTree = "<group>"; };
		0758D4C71BFE10CE00E07B4F /* Assets.xcassets */ = {isa = PBXFileReference; lastKnownFileType = folder.assetcatalog; path = Assets.xcassets; sourceTree = "<group>"; };
		0758D4CA1BFE10CE00E07B4F /* Base */ = {isa = PBXFileReference; lastKnownFileType = file.storyboard; name = Base; path = Base.lproj/LaunchScreen.storyboard; sourceTree = "<group>"; };
		0758D4CC1BFE10CE00E07B4F /* Info.plist */ = {isa = PBXFileReference; lastKnownFileType = text.plist.xml; path = Info.plist; sourceTree = "<group>"; };
		0758D4D11BFE10CE00E07B4F /* TearOffTests.xctest */ = {isa = PBXFileReference; explicitFileType = wrapper.cfbundle; includeInIndex = 0; path = TearOffTests.xctest; sourceTree = BUILT_PRODUCTS_DIR; };
		0758D4D51BFE10CE00E07B4F /* TearOffTests.swift */ = {isa = PBXFileReference; lastKnownFileType = sourcecode.swift; path = TearOffTests.swift; sourceTree = "<group>"; };
		0758D4D71BFE10CE00E07B4F /* Info.plist */ = {isa = PBXFileReference; lastKnownFileType = text.plist.xml; path = Info.plist; sourceTree = "<group>"; };
		0758D4E01BFE138200E07B4F /* DefaultBehavior.swift */ = {isa = PBXFileReference; fileEncoding = 4; lastKnownFileType = sourcecode.swift; path = DefaultBehavior.swift; sourceTree = "<group>"; };
		0758D4E21BFE17A100E07B4F /* DraggableView.swift */ = {isa = PBXFileReference; fileEncoding = 4; lastKnownFileType = sourcecode.swift; path = DraggableView.swift; sourceTree = "<group>"; };
		07B5AB361BFE1DF8001BB12E /* TearOffBehavior.swift */ = {isa = PBXFileReference; fileEncoding = 4; lastKnownFileType = sourcecode.swift; path = TearOffBehavior.swift; sourceTree = "<group>"; };
/* End PBXFileReference section */

/* Begin PBXFrameworksBuildPhase section */
		0758D4BA1BFE10CE00E07B4F /* Frameworks */ = {
			isa = PBXFrameworksBuildPhase;
			buildActionMask = 2147483647;
			files = (
			);
			runOnlyForDeploymentPostprocessing = 0;
		};
		0758D4CE1BFE10CE00E07B4F /* Frameworks */ = {
			isa = PBXFrameworksBuildPhase;
			buildActionMask = 2147483647;
			files = (
			);
			runOnlyForDeploymentPostprocessing = 0;
		};
/* End PBXFrameworksBuildPhase section */

/* Begin PBXGroup section */
		0758D4B41BFE10CE00E07B4F = {
			isa = PBXGroup;
			children = (
				0758D4BF1BFE10CE00E07B4F /* TearOff */,
				0758D4D41BFE10CE00E07B4F /* TearOffTests */,
				0758D4BE1BFE10CE00E07B4F /* Products */,
			);
			sourceTree = "<group>";
		};
		0758D4BE1BFE10CE00E07B4F /* Products */ = {
			isa = PBXGroup;
			children = (
				0758D4BD1BFE10CE00E07B4F /* TearOff.app */,
				0758D4D11BFE10CE00E07B4F /* TearOffTests.xctest */,
			);
			name = Products;
			sourceTree = "<group>";
		};
		0758D4BF1BFE10CE00E07B4F /* TearOff */ = {
			isa = PBXGroup;
			children = (
				0758D4C01BFE10CE00E07B4F /* AppDelegate.swift */,
				0758D4C21BFE10CE00E07B4F /* ViewController.swift */,
				0758D4E01BFE138200E07B4F /* DefaultBehavior.swift */,
				07B5AB361BFE1DF8001BB12E /* TearOffBehavior.swift */,
				0758D4E21BFE17A100E07B4F /* DraggableView.swift */,
				0758D4C41BFE10CE00E07B4F /* Main.storyboard */,
				0758D4C71BFE10CE00E07B4F /* Assets.xcassets */,
				0758D4C91BFE10CE00E07B4F /* LaunchScreen.storyboard */,
				0758D4CC1BFE10CE00E07B4F /* Info.plist */,
			);
			path = TearOff;
			sourceTree = "<group>";
		};
		0758D4D41BFE10CE00E07B4F /* TearOffTests */ = {
			isa = PBXGroup;
			children = (
				0758D4D51BFE10CE00E07B4F /* TearOffTests.swift */,
				0758D4D71BFE10CE00E07B4F /* Info.plist */,
			);
			path = TearOffTests;
			sourceTree = "<group>";
		};
/* End PBXGroup section */

/* Begin PBXNativeTarget section */
		0758D4BC1BFE10CE00E07B4F /* TearOff */ = {
			isa = PBXNativeTarget;
			buildConfigurationList = 0758D4DA1BFE10CE00E07B4F /* Build configuration list for PBXNativeTarget "TearOff" */;
			buildPhases = (
				0758D4B91BFE10CE00E07B4F /* Sources */,
				0758D4BA1BFE10CE00E07B4F /* Frameworks */,
				0758D4BB1BFE10CE00E07B4F /* Resources */,
			);
			buildRules = (
			);
			dependencies = (
			);
			name = TearOff;
			productName = TearOff;
			productReference = 0758D4BD1BFE10CE00E07B4F /* TearOff.app */;
			productType = "com.apple.product-type.application";
		};
		0758D4D01BFE10CE00E07B4F /* TearOffTests */ = {
			isa = PBXNativeTarget;
			buildConfigurationList = 0758D4DD1BFE10CE00E07B4F /* Build configuration list for PBXNativeTarget "TearOffTests" */;
			buildPhases = (
				0758D4CD1BFE10CE00E07B4F /* Sources */,
				0758D4CE1BFE10CE00E07B4F /* Frameworks */,
				0758D4CF1BFE10CE00E07B4F /* Resources */,
			);
			buildRules = (
			);
			dependencies = (
				0758D4D31BFE10CE00E07B4F /* PBXTargetDependency */,
			);
			name = TearOffTests;
			productName = TearOffTests;
			productReference = 0758D4D11BFE10CE00E07B4F /* TearOffTests.xctest */;
			productType = "com.apple.product-type.bundle.unit-test";
		};
/* End PBXNativeTarget section */

/* Begin PBXProject section */
		0758D4B51BFE10CE00E07B4F /* Project object */ = {
			isa = PBXProject;
			attributes = {
				LastSwiftUpdateCheck = 0710;
				LastUpgradeCheck = 0710;
				ORGANIZATIONNAME = wj;
				TargetAttributes = {
					0758D4BC1BFE10CE00E07B4F = {
						CreatedOnToolsVersion = 7.1;
					};
					0758D4D01BFE10CE00E07B4F = {
						CreatedOnToolsVersion = 7.1;
						TestTargetID = 0758D4BC1BFE10CE00E07B4F;
					};
				};
			};
			buildConfigurationList = 0758D4B81BFE10CE00E07B4F /* Build configuration list for PBXProject "TearOff" */;
			compatibilityVersion = "Xcode 3.2";
			developmentRegion = English;
			hasScannedForEncodings = 0;
			knownRegions = (
				en,
				Base,
			);
			mainGroup = 0758D4B41BFE10CE00E07B4F;
			productRefGroup = 0758D4BE1BFE10CE00E07B4F /* Products */;
			projectDirPath = "";
			projectRoot = "";
			targets = (
				0758D4BC1BFE10CE00E07B4F /* TearOff */,
				0758D4D01BFE10CE00E07B4F /* TearOffTests */,
			);
		};
/* End PBXProject section */

/* Begin PBXResourcesBuildPhase section */
		0758D4BB1BFE10CE00E07B4F /* Resources */ = {
			isa = PBXResourcesBuildPhase;
			buildActionMask = 2147483647;
			files = (
				0758D4CB1BFE10CE00E07B4F /* LaunchScreen.storyboard in Resources */,
				0758D4C81BFE10CE00E07B4F /* Assets.xcassets in Resources */,
				0758D4C61BFE10CE00E07B4F /* Main.storyboard in Resources */,
			);
			runOnlyForDeploymentPostprocessing = 0;
		};
		0758D4CF1BFE10CE00E07B4F /* Resources */ = {
			isa = PBXResourcesBuildPhase;
			buildActionMask = 2147483647;
			files = (
			);
			runOnlyForDeploymentPostprocessing = 0;
		};
/* End PBXResourcesBuildPhase section */

/* Begin PBXSourcesBuildPhase section */
		0758D4B91BFE10CE00E07B4F /* Sources */ = {
			isa = PBXSourcesBuildPhase;
			buildActionMask = 2147483647;
			files = (
				0758D4E11BFE138200E07B4F /* DefaultBehavior.swift in Sources */,
				07B5AB371BFE1DF8001BB12E /* TearOffBehavior.swift in Sources */,
				0758D4C31BFE10CE00E07B4F /* ViewController.swift in Sources */,
				0758D4E31BFE17A100E07B4F /* DraggableView.swift in Sources */,
				0758D4C11BFE10CE00E07B4F /* AppDelegate.swift in Sources */,
			);
			runOnlyForDeploymentPostprocessing = 0;
		};
		0758D4CD1BFE10CE00E07B4F /* Sources */ = {
			isa = PBXSourcesBuildPhase;
			buildActionMask = 2147483647;
			files = (
				0758D4D61BFE10CE00E07B4F /* TearOffTests.swift in Sources */,
			);
			runOnlyForDeploymentPostprocessing = 0;
		};
/* End PBXSourcesBuildPhase section */

/* Begin PBXTargetDependency section */
		0758D4D31BFE10CE00E07B4F /* PBXTargetDependency */ = {
			isa = PBXTargetDependency;
			target = 0758D4BC1BFE10CE00E07B4F /* TearOff */;
			targetProxy = 0758D4D21BFE10CE00E07B4F /* PBXContainerItemProxy */;
		};
/* End PBXTargetDependency section */

/* Begin PBXVariantGroup section */
		0758D4C41BFE10CE00E07B4F /* Main.storyboard */ = {
			isa = PBXVariantGroup;
			children = (
				0758D4C51BFE10CE00E07B4F /* Base */,
			);
			name = Main.storyboard;
			sourceTree = "<group>";
		};
		0758D4C91BFE10CE00E07B4F /* LaunchScreen.storyboard */ = {
			isa = PBXVariantGroup;
			children = (
				0758D4CA1BFE10CE00E07B4F /* Base */,
			);
			name = LaunchScreen.storyboard;
			sourceTree = "<group>";
		};
/* End PBXVariantGroup section */

/* Begin XCBuildConfiguration section */
		0758D4D81BFE10CE00E07B4F /* Debug */ = {
			isa = XCBuildConfiguration;
			buildSettings = {
				ALWAYS_SEARCH_USER_PATHS = NO;
				CLANG_CXX_LANGUAGE_STANDARD = "gnu++0x";
				CLANG_CXX_LIBRARY = "libc++";
				CLANG_ENABLE_MODULES = YES;
				CLANG_ENABLE_OBJC_ARC = YES;
				CLANG_WARN_BOOL_CONVERSION = YES;
				CLANG_WARN_CONSTANT_CONVERSION = YES;
				CLANG_WARN_DIRECT_OBJC_ISA_USAGE = YES_ERROR;
				CLANG_WARN_EMPTY_BODY = YES;
				CLANG_WARN_ENUM_CONVERSION = YES;
				CLANG_WARN_INT_CONVERSION = YES;
				CLANG_WARN_OBJC_ROOT_CLASS = YES_ERROR;
				CLANG_WARN_UNREACHABLE_CODE = YES;
				CLANG_WARN__DUPLICATE_METHOD_MATCH = YES;
				"CODE_SIGN_IDENTITY[sdk=iphoneos*]" = "iPhone Developer";
				COPY_PHASE_STRIP = NO;
				DEBUG_INFORMATION_FORMAT = dwarf;
				ENABLE_STRICT_OBJC_MSGSEND = YES;
				ENABLE_TESTABILITY = YES;
				GCC_C_LANGUAGE_STANDARD = gnu99;
				GCC_DYNAMIC_NO_PIC = NO;
				GCC_NO_COMMON_BLOCKS = YES;
				GCC_OPTIMIZATION_LEVEL = 0;
				GCC_PREPROCESSOR_DEFINITIONS = (
					"DEBUG=1",
					"$(inherited)",
				);
				GCC_WARN_64_TO_32_BIT_CONVERSION = YES;
				GCC_WARN_ABOUT_RETURN_TYPE = YES_ERROR;
				GCC_WARN_UNDECLARED_SELECTOR = YES;
				GCC_WARN_UNINITIALIZED_AUTOS = YES_AGGRESSIVE;
				GCC_WARN_UNUSED_FUNCTION = YES;
				GCC_WARN_UNUSED_VARIABLE = YES;
				IPHONEOS_DEPLOYMENT_TARGET = 9.1;
				MTL_ENABLE_DEBUG_INFO = YES;
				ONLY_ACTIVE_ARCH = YES;
				SDKROOT = iphoneos;
				SWIFT_OPTIMIZATION_LEVEL = "-Onone";
			};
			name = Debug;
		};
		0758D4D91BFE10CE00E07B4F /* Release */ = {
			isa = XCBuildConfiguration;
			buildSettings = {
				ALWAYS_SEARCH_USER_PATHS = NO;
				CLANG_CXX_LANGUAGE_STANDARD = "gnu++0x";
				CLANG_CXX_LIBRARY = "libc++";
				CLANG_ENABLE_MODULES = YES;
				CLANG_ENABLE_OBJC_ARC = YES;
				CLANG_WARN_BOOL_CONVERSION = YES;
				CLANG_WARN_CONSTANT_CONVERSION = YES;
				CLANG_WARN_DIRECT_OBJC_ISA_USAGE = YES_ERROR;
				CLANG_WARN_EMPTY_BODY = YES;
				CLANG_WARN_ENUM_CONVERSION = YES;
				CLANG_WARN_INT_CONVERSION = YES;
				CLANG_WARN_OBJC_ROOT_CLASS = YES_ERROR;
				CLANG_WARN_UNREACHABLE_CODE = YES;
				CLANG_WARN__DUPLICATE_METHOD_MATCH = YES;
				"CODE_SIGN_IDENTITY[sdk=iphoneos*]" = "iPhone Developer";
				COPY_PHASE_STRIP = NO;
				DEBUG_INFORMATION_FORMAT = "dwarf-with-dsym";
				ENABLE_NS_ASSERTIONS = NO;
				ENABLE_STRICT_OBJC_MSGSEND = YES;
				GCC_C_LANGUAGE_STANDARD = gnu99;
				GCC_NO_COMMON_BLOCKS = YES;
				GCC_WARN_64_TO_32_BIT_CONVERSION = YES;
				GCC_WARN_ABOUT_RETURN_TYPE = YES_ERROR;
				GCC_WARN_UNDECLARED_SELECTOR = YES;
				GCC_WARN_UNINITIALIZED_AUTOS = YES_AGGRESSIVE;
				GCC_WARN_UNUSED_FUNCTION = YES;
				GCC_WARN_UNUSED_VARIABLE = YES;
				IPHONEOS_DEPLOYMENT_TARGET = 9.1;
				MTL_ENABLE_DEBUG_INFO = NO;
				SDKROOT = iphoneos;
				VALIDATE_PRODUCT = YES;
			};
			name = Release;
		};
		0758D4DB1BFE10CE00E07B4F /* Debug */ = {
			isa = XCBuildConfiguration;
			buildSettings = {
				ASSETCATALOG_COMPILER_APPICON_NAME = AppIcon;
				INFOPLIST_FILE = TearOff/Info.plist;
				LD_RUNPATH_SEARCH_PATHS = "$(inherited) @executable_path/Frameworks";
				PRODUCT_BUNDLE_IDENTIFIER = wj.TearOff;
				PRODUCT_NAME = "$(TARGET_NAME)";
				TARGETED_DEVICE_FAMILY = "1,2";
			};
			name = Debug;
		};
		0758D4DC1BFE10CE00E07B4F /* Release */ = {
			isa = XCBuildConfiguration;
			buildSettings = {
				ASSETCATALOG_COMPILER_APPICON_NAME = AppIcon;
				INFOPLIST_FILE = TearOff/Info.plist;
				LD_RUNPATH_SEARCH_PATHS = "$(inherited) @executable_path/Frameworks";
				PRODUCT_BUNDLE_IDENTIFIER = wj.TearOff;
				PRODUCT_NAME = "$(TARGET_NAME)";
				TARGETED_DEVICE_FAMILY = "1,2";
			};
			name = Release;
		};
		0758D4DE1BFE10CE00E07B4F /* Debug */ = {
			isa = XCBuildConfiguration;
			buildSettings = {
				BUNDLE_LOADER = "$(TEST_HOST)";
				INFOPLIST_FILE = TearOffTests/Info.plist;
				LD_RUNPATH_SEARCH_PATHS = "$(inherited) @executable_path/Frameworks @loader_path/Frameworks";
				PRODUCT_BUNDLE_IDENTIFIER = wj.TearOffTests;
				PRODUCT_NAME = "$(TARGET_NAME)";
				TEST_HOST = "$(BUILT_PRODUCTS_DIR)/TearOff.app/TearOff";
			};
			name = Debug;
		};
		0758D4DF1BFE10CE00E07B4F /* Release */ = {
			isa = XCBuildConfiguration;
			buildSettings = {
				BUNDLE_LOADER = "$(TEST_HOST)";
				INFOPLIST_FILE = TearOffTests/Info.plist;
				LD_RUNPATH_SEARCH_PATHS = "$(inherited) @executable_path/Frameworks @loader_path/Frameworks";
				PRODUCT_BUNDLE_IDENTIFIER = wj.TearOffTests;
				PRODUCT_NAME = "$(TARGET_NAME)";
				TEST_HOST = "$(BUILT_PRODUCTS_DIR)/TearOff.app/TearOff";
			};
			name = Release;
		};
/* End XCBuildConfiguration section */

/* Begin XCConfigurationList section */
		0758D4B81BFE10CE00E07B4F /* Build configuration list for PBXProject "TearOff" */ = {
			isa = XCConfigurationList;
			buildConfigurations = (
				0758D4D81BFE10CE00E07B4F /* Debug */,
				0758D4D91BFE10CE00E07B4F /* Release */,
			);
			defaultConfigurationIsVisible = 0;
			defaultConfigurationName = Release;
		};
		0758D4DA1BFE10CE00E07B4F /* Build configuration list for PBXNativeTarget "TearOff" */ = {
			isa = XCConfigurationList;
			buildConfigurations = (
				0758D4DB1BFE10CE00E07B4F /* Debug */,
				0758D4DC1BFE10CE00E07B4F /* Release */,
			);
			defaultConfigurationIsVisible = 0;
			defaultConfigurationName = Release;
		};
		0758D4DD1BFE10CE00E07B4F /* Build configuration list for PBXNativeTarget "TearOffTests" */ = {
			isa = XCConfigurationList;
			buildConfigurations = (
				0758D4DE1BFE10CE00E07B4F /* Debug */,
				0758D4DF1BFE10CE00E07B4F /* Release */,
			);
			defaultConfigurationIsVisible = 0;
			defaultConfigurationName = Release;
		};
/* End XCConfigurationList section */
	};
	rootObject = 0758D4B51BFE10CE00E07B4F /* Project object */;
}
